
Microsoft Visual Studio Solution File, Format Version 12.00
# Visual Studio 2013
VisualStudioVersion = 12.0.30110.0
MinimumVisualStudioVersion = 10.0.40219.1
Project("{FAE04EC0-301F-11D3-BF4B-00C04F79EFBC}") = "Parcheador What's Shenmue", "Parcheador What's Shenmue\Parcheador What's Shenmue.csproj", "{D55856B7-8C6C-474F-95B7-4C7BEA33276E}"
EndProject
Global
	GlobalSection(SolutionConfigurationPlatforms) = preSolution
		Debug_ExternalPatch|Any CPU = Debug_ExternalPatch|Any CPU
		Debug|Any CPU = Debug|Any CPU
		Release|Any CPU = Release|Any CPU
	EndGlobalSection
	GlobalSection(ProjectConfigurationPlatforms) = postSolution
		{D55856B7-8C6C-474F-95B7-4C7BEA33276E}.Debug_ExternalPatch|Any CPU.ActiveCfg = Debug_ExternalPatch|Any CPU
		{D55856B7-8C6C-474F-95B7-4C7BEA33276E}.Debug_ExternalPatch|Any CPU.Build.0 = Debug_ExternalPatch|Any CPU
		{D55856B7-8C6C-474F-95B7-4C7BEA33276E}.Debug|Any CPU.ActiveCfg = Debug|Any CPU
		{D55856B7-8C6C-474F-95B7-4C7BEA33276E}.Debug|Any CPU.Build.0 = Debug|Any CPU
		{D55856B7-8C6C-474F-95B7-4C7BEA33276E}.Release|Any CPU.ActiveCfg = Release|Any CPU
		{D55856B7-8C6C-474F-95B7-4C7BEA33276E}.Release|Any CPU.Build.0 = Release|Any CPU
	EndGlobalSection
	GlobalSection(SolutionProperties) = preSolution
		HideSolutionNode = FALSE
	EndGlobalSection
EndGlobal
